dependencies:
- name: dex
  repository: https://charts.dexidp.io
  version: 0.16.0
- name: oauth2-proxy
  repository: https://oauth2-proxy.github.io/manifests
  version: 7.4.1
- name: httpbin
  repository: https://conservis.github.io/helm-charts
  version: 1.1.0
- name: hello-world
  repository: https://conservis.github.io/helm-charts
  version: 1.1.0
digest: sha256:c3fa081799a7c40c4ef35568323b4b92400d8d5e57b23af8274f5d91a02514b8
generated: "2024-04-08T17:41:58.642408641Z"
